
Microsoft Visual Studio Solution File, Format Version 12.00
# Visual Studio Version 17
VisualStudioVersion = 17.4.33122.133
MinimumVisualStudioVersion = 10.0.40219.1
Project("{9A19103F-16F7-4668-BE54-9A1E7A4F7556}") = "OperatingSystem", "OperatingSystem\OperatingSystem.csproj", "{6BD38890-43F9-4F93-B61C-87322D66E4D2}"
EndProject
Project("{2150E333-8FDC-42A3-9474-1A3956D46DE8}") = "ソリューション項目", "ソリューション項目", "{999A7955-C9A9-4D63-B5B4-7BFAEF51C024}"
	ProjectSection(SolutionItems) = preProject
		.gitattributes = .gitattributes
		.gitignore = .gitignore
		Directory.Build.props = Directory.Build.props
		HeaderComments.txt = HeaderComments.txt
		LICENSE.md = LICENSE.md
		README.md = README.md
	EndProjectSection
EndProject
Project("{FAE04EC0-301F-11D3-BF4B-00C04F79EFBC}") = "OperatingSystem.BootstrapLoader", "OperatingSystem.BootstrapLoader\OperatingSystem.BootstrapLoader.csproj", "{3C59559F-8356-4BF4-9EBF-700E72D69533}"
EndProject
Global
	GlobalSection(SolutionConfigurationPlatforms) = preSolution
		Debug|Any CPU = Debug|Any CPU
		Release|Any CPU = Release|Any CPU
	EndGlobalSection
	GlobalSection(ProjectConfigurationPlatforms) = postSolution
		{6BD38890-43F9-4F93-B61C-87322D66E4D2}.Debug|Any CPU.ActiveCfg = Debug|Any CPU
		{6BD38890-43F9-4F93-B61C-87322D66E4D2}.Debug|Any CPU.Build.0 = Debug|Any CPU
		{6BD38890-43F9-4F93-B61C-87322D66E4D2}.Release|Any CPU.ActiveCfg = Release|Any CPU
		{6BD38890-43F9-4F93-B61C-87322D66E4D2}.Release|Any CPU.Build.0 = Release|Any CPU
		{3C59559F-8356-4BF4-9EBF-700E72D69533}.Debug|Any CPU.ActiveCfg = Debug|Any CPU
		{3C59559F-8356-4BF4-9EBF-700E72D69533}.Debug|Any CPU.Build.0 = Debug|Any CPU
		{3C59559F-8356-4BF4-9EBF-700E72D69533}.Release|Any CPU.ActiveCfg = Release|Any CPU
		{3C59559F-8356-4BF4-9EBF-700E72D69533}.Release|Any CPU.Build.0 = Release|Any CPU
	EndGlobalSection
	GlobalSection(SolutionProperties) = preSolution
		HideSolutionNode = FALSE
	EndGlobalSection
	GlobalSection(ExtensibilityGlobals) = postSolution
		SolutionGuid = {1C0A452F-61A9-4BD2-A531-E08472F79156}
	EndGlobalSection
EndGlobal
